
Microsoft Visual Studio Solution File, Format Version 12.00
# Visual Studio Version 17
VisualStudioVersion = 17.2.32630.192
MinimumVisualStudioVersion = 10.0.40219.1
Project("{FAE04EC0-301F-11D3-BF4B-00C04F79EFBC}") = "WebApplication1", "WebApplication1\WebApplication1.csproj", "{52B6CED9-9601-464F-B980-9991F612E8B1}"
EndProject
Global
	GlobalSection(SolutionConfigurationPlatforms) = preSolution
		Debug|Any CPU = Debug|Any CPU
		Release|Any CPU = Release|Any CPU
	EndGlobalSection
	GlobalSection(ProjectConfigurationPlatforms) = postSolution
		{52B6CED9-9601-464F-B980-9991F612E8B1}.Debug|Any CPU.ActiveCfg = Debug|Any CPU
		{52B6CED9-9601-464F-B980-9991F612E8B1}.Debug|Any CPU.Build.0 = Debug|Any CPU
		{52B6CED9-9601-464F-B980-9991F612E8B1}.Release|Any CPU.ActiveCfg = Release|Any CPU
		{52B6CED9-9601-464F-B980-9991F612E8B1}.Release|Any CPU.Build.0 = Release|Any CPU
	EndGlobalSection
	GlobalSection(SolutionProperties) = preSolution
		HideSolutionNode = FALSE
	EndGlobalSection
	GlobalSection(ExtensibilityGlobals) = postSolution
		SolutionGuid = {C5BA89F6-D28C-44BF-A161-373293CF6D71}
	EndGlobalSection
EndGlobal
